// !$*UTF8*$!
{
	archiveVersion = 1;
	classes = {
	};
	objectVersion = 56;
	objects = {

/* Begin PBXBuildFile section */
		0415768029DA368700CBA586 /* GoogleService-Info.plist in Resources */ = {isa = PBXBuildFile; fileRef = 0415767F29DA368700CBA586 /* GoogleService-Info.plist */; };
		0415768229DB1B0600CBA586 /* StationDetailVC.swift in Sources */ = {isa = PBXBuildFile; fileRef = 0415768129DB1B0600CBA586 /* StationDetailVC.swift */; };
		0415768429DCDDE300CBA586 /* NearestStationVC.swift in Sources */ = {isa = PBXBuildFile; fileRef = 0415768329DCDDE300CBA586 /* NearestStationVC.swift */; };
		0415769029E1ACD000CBA586 /* Station.swift in Sources */ = {isa = PBXBuildFile; fileRef = 0415768F29E1ACD000CBA586 /* Station.swift */; };
		0415769229E1ACE900CBA586 /* NearestStation.swift in Sources */ = {isa = PBXBuildFile; fileRef = 0415769129E1ACE900CBA586 /* NearestStation.swift */; };
		0415769429E1B6CD00CBA586 /* Alert.swift in Sources */ = {isa = PBXBuildFile; fileRef = 0415769329E1B6CD00CBA586 /* Alert.swift */; };
		0415769629E1C3D500CBA586 /* Maps.swift in Sources */ = {isa = PBXBuildFile; fileRef = 0415769529E1C3D500CBA586 /* Maps.swift */; };
		0415769929E1E1A000CBA586 /* Text.swift in Sources */ = {isa = PBXBuildFile; fileRef = 0415769829E1E1A000CBA586 /* Text.swift */; };
		0415769B29E1E5F200CBA586 /* Font.swift in Sources */ = {isa = PBXBuildFile; fileRef = 0415769A29E1E5F200CBA586 /* Font.swift */; };
		0415769D29E1E5FE00CBA586 /* Images.swift in Sources */ = {isa = PBXBuildFile; fileRef = 0415769C29E1E5FE00CBA586 /* Images.swift */; };
		0415769F29E1EE2E00CBA586 /* Alpha.swift in Sources */ = {isa = PBXBuildFile; fileRef = 0415769E29E1EE2E00CBA586 /* Alpha.swift */; };
		041576A129E1EE4300CBA586 /* Radius.swift in Sources */ = {isa = PBXBuildFile; fileRef = 041576A029E1EE4300CBA586 /* Radius.swift */; };
		041576A329E1F3A100CBA586 /* FirebaseText.swift in Sources */ = {isa = PBXBuildFile; fileRef = 041576A229E1F3A100CBA586 /* FirebaseText.swift */; };
		041576A529E1F9D000CBA586 /* ValueInteger.swift in Sources */ = {isa = PBXBuildFile; fileRef = 041576A429E1F9D000CBA586 /* ValueInteger.swift */; };
		041576A729E1FE6100CBA586 /* CreatingUser.swift in Sources */ = {isa = PBXBuildFile; fileRef = 041576A629E1FE6100CBA586 /* CreatingUser.swift */; };
		041576A929E2044200CBA586 /* GetStation.swift in Sources */ = {isa = PBXBuildFile; fileRef = 041576A829E2044200CBA586 /* GetStation.swift */; };
		041576AB29E23A0800CBA586 /* SheetPresent.swift in Sources */ = {isa = PBXBuildFile; fileRef = 041576AA29E23A0800CBA586 /* SheetPresent.swift */; };
		0425B92929D795140057E31C /* AppDelegate.swift in Sources */ = {isa = PBXBuildFile; fileRef = 0425B92829D795140057E31C /* AppDelegate.swift */; };
		0425B92B29D795140057E31C /* SceneDelegate.swift in Sources */ = {isa = PBXBuildFile; fileRef = 0425B92A29D795140057E31C /* SceneDelegate.swift */; };
		0425B92D29D795140057E31C /* OnboardingVC.swift in Sources */ = {isa = PBXBuildFile; fileRef = 0425B92C29D795140057E31C /* OnboardingVC.swift */; };
		0425B93029D795140057E31C /* Main.storyboard in Resources */ = {isa = PBXBuildFile; fileRef = 0425B92E29D795140057E31C /* Main.storyboard */; };
		0425B93329D795140057E31C /* Stat_ion.xcdatamodeld in Sources */ = {isa = PBXBuildFile; fileRef = 0425B93129D795140057E31C /* Stat_ion.xcdatamodeld */; };
		0425B93529D795150057E31C /* Assets.xcassets in Resources */ = {isa = PBXBuildFile; fileRef = 0425B93429D795150057E31C /* Assets.xcassets */; };
		0425B93829D795150057E31C /* LaunchScreen.storyboard in Resources */ = {isa = PBXBuildFile; fileRef = 0425B93629D795150057E31C /* LaunchScreen.storyboard */; };
		0425B94029D9B7640057E31C /* MapVC.swift in Sources */ = {isa = PBXBuildFile; fileRef = 0425B93F29D9B7640057E31C /* MapVC.swift */; };
		7F4DF205E538B1FEB847320E /* Pods_Stat_ion.framework in Frameworks */ = {isa = PBXBuildFile; fileRef = DE782404287AF781A19422CA /* Pods_Stat_ion.framework */; };
/* End PBXBuildFile section */

/* Begin PBXFileReference section */
		0415767F29DA368700CBA586 /* GoogleService-Info.plist */ = {isa = PBXFileReference; fileEncoding = 4; lastKnownFileType = text.plist.xml; path = "GoogleService-Info.plist"; sourceTree = "<group>"; };
		0415768129DB1B0600CBA586 /* StationDetailVC.swift */ = {isa = PBXFileReference; lastKnownFileType = sourcecode.swift; path = StationDetailVC.swift; sourceTree = "<group>"; };
		0415768329DCDDE300CBA586 /* NearestStationVC.swift */ = {isa = PBXFileReference; lastKnownFileType = sourcecode.swift; path = NearestStationVC.swift; sourceTree = "<group>"; };
		0415768F29E1ACD000CBA586 /* Station.swift */ = {isa = PBXFileReference; lastKnownFileType = sourcecode.swift; path = Station.swift; sourceTree = "<group>"; };
		0415769129E1ACE900CBA586 /* NearestStation.swift */ = {isa = PBXFileReference; lastKnownFileType = sourcecode.swift; path = NearestStation.swift; sourceTree = "<group>"; };
		0415769329E1B6CD00CBA586 /* Alert.swift */ = {isa = PBXFileReference; lastKnownFileType = sourcecode.swift; path = Alert.swift; sourceTree = "<group>"; };
		0415769529E1C3D500CBA586 /* Maps.swift */ = {isa = PBXFileReference; lastKnownFileType = sourcecode.swift; path = Maps.swift; sourceTree = "<group>"; };
		0415769829E1E1A000CBA586 /* Text.swift */ = {isa = PBXFileReference; lastKnownFileType = sourcecode.swift; path = Text.swift; sourceTree = "<group>"; };
		0415769A29E1E5F200CBA586 /* Font.swift */ = {isa = PBXFileReference; lastKnownFileType = sourcecode.swift; path = Font.swift; sourceTree = "<group>"; };
		0415769C29E1E5FE00CBA586 /* Images.swift */ = {isa = PBXFileReference; lastKnownFileType = sourcecode.swift; path = Images.swift; sourceTree = "<group>"; };
		0415769E29E1EE2E00CBA586 /* Alpha.swift */ = {isa = PBXFileReference; lastKnownFileType = sourcecode.swift; path = Alpha.swift; sourceTree = "<group>"; };
		041576A029E1EE4300CBA586 /* Radius.swift */ = {isa = PBXFileReference; lastKnownFileType = sourcecode.swift; path = Radius.swift; sourceTree = "<group>"; };
		041576A229E1F3A100CBA586 /* FirebaseText.swift */ = {isa = PBXFileReference; lastKnownFileType = sourcecode.swift; path = FirebaseText.swift; sourceTree = "<group>"; };
		041576A429E1F9D000CBA586 /* ValueInteger.swift */ = {isa = PBXFileReference; lastKnownFileType = sourcecode.swift; path = ValueInteger.swift; sourceTree = "<group>"; };
		041576A629E1FE6100CBA586 /* CreatingUser.swift */ = {isa = PBXFileReference; lastKnownFileType = sourcecode.swift; path = CreatingUser.swift; sourceTree = "<group>"; };
		041576A829E2044200CBA586 /* GetStation.swift */ = {isa = PBXFileReference; lastKnownFileType = sourcecode.swift; path = GetStation.swift; sourceTree = "<group>"; };
		041576AA29E23A0800CBA586 /* SheetPresent.swift */ = {isa = PBXFileReference; lastKnownFileType = sourcecode.swift; path = SheetPresent.swift; sourceTree = "<group>"; };
		0425B92529D795140057E31C /* Stat-ion.app */ = {isa = PBXFileReference; explicitFileType = wrapper.application; includeInIndex = 0; path = "Stat-ion.app"; sourceTree = BUILT_PRODUCTS_DIR; };
		0425B92829D795140057E31C /* AppDelegate.swift */ = {isa = PBXFileReference; lastKnownFileType = sourcecode.swift; path = AppDelegate.swift; sourceTree = "<group>"; };
		0425B92A29D795140057E31C /* SceneDelegate.swift */ = {isa = PBXFileReference; lastKnownFileType = sourcecode.swift; path = SceneDelegate.swift; sourceTree = "<group>"; };
		0425B92C29D795140057E31C /* OnboardingVC.swift */ = {isa = PBXFileReference; lastKnownFileType = sourcecode.swift; path = OnboardingVC.swift; sourceTree = "<group>"; };
		0425B92F29D795140057E31C /* Base */ = {isa = PBXFileReference; lastKnownFileType = file.storyboard; name = Base; path = Base.lproj/Main.storyboard; sourceTree = "<group>"; };
		0425B93229D795140057E31C /* Stat_ion.xcdatamodel */ = {isa = PBXFileReference; lastKnownFileType = wrapper.xcdatamodel; path = Stat_ion.xcdatamodel; sourceTree = "<group>"; };
		0425B93429D795150057E31C /* Assets.xcassets */ = {isa = PBXFileReference; lastKnownFileType = folder.assetcatalog; path = Assets.xcassets; sourceTree = "<group>"; };
		0425B93729D795150057E31C /* Base */ = {isa = PBXFileReference; lastKnownFileType = file.storyboard; name = Base; path = Base.lproj/LaunchScreen.storyboard; sourceTree = "<group>"; };
		0425B93929D795150057E31C /* Info.plist */ = {isa = PBXFileReference; lastKnownFileType = text.plist.xml; path = Info.plist; sourceTree = "<group>"; };
		0425B93F29D9B7640057E31C /* MapVC.swift */ = {isa = PBXFileReference; lastKnownFileType = sourcecode.swift; path = MapVC.swift; sourceTree = "<group>"; };
		0B54D349E5E89057F3BCA12B /* Pods-Stat-ion.debug.xcconfig */ = {isa = PBXFileReference; includeInIndex = 1; lastKnownFileType = text.xcconfig; name = "Pods-Stat-ion.debug.xcconfig"; path = "Target Support Files/Pods-Stat-ion/Pods-Stat-ion.debug.xcconfig"; sourceTree = "<group>"; };
		556A10B54D1EFF691C9E406D /* Pods-Stat-ion.release.xcconfig */ = {isa = PBXFileReference; includeInIndex = 1; lastKnownFileType = text.xcconfig; name = "Pods-Stat-ion.release.xcconfig"; path = "Target Support Files/Pods-Stat-ion/Pods-Stat-ion.release.xcconfig"; sourceTree = "<group>"; };
		DE782404287AF781A19422CA /* Pods_Stat_ion.framework */ = {isa = PBXFileReference; explicitFileType = wrapper.framework; includeInIndex = 0; path = Pods_Stat_ion.framework; sourceTree = BUILT_PRODUCTS_DIR; };
/* End PBXFileReference section */

/* Begin PBXFrameworksBuildPhase section */
		0425B92229D795140057E31C /* Frameworks */ = {
			isa = PBXFrameworksBuildPhase;
			buildActionMask = 2147483647;
			files = (
				7F4DF205E538B1FEB847320E /* Pods_Stat_ion.framework in Frameworks */,
			);
			runOnlyForDeploymentPostprocessing = 0;
		};
/* End PBXFrameworksBuildPhase section */

/* Begin PBXGroup section */
		0415768529DF882500CBA586 /* Features */ = {
			isa = PBXGroup;
			children = (
				0415768929DF89B400CBA586 /* Details */,
				0415768829DF892F00CBA586 /* Home */,
				0415768629DF88C000CBA586 /* Authentications */,
			);
			path = Features;
			sourceTree = "<group>";
		};
		0415768629DF88C000CBA586 /* Authentications */ = {
			isa = PBXGroup;
			children = (
				0415768729DF88D800CBA586 /* Onboarding */,
			);
			path = Authentications;
			sourceTree = "<group>";
		};
		0415768729DF88D800CBA586 /* Onboarding */ = {
			isa = PBXGroup;
			children = (
				0425B92C29D795140057E31C /* OnboardingVC.swift */,
			);
			path = Onboarding;
			sourceTree = "<group>";
		};
		0415768829DF892F00CBA586 /* Home */ = {
			isa = PBXGroup;
			children = (
				0425B93F29D9B7640057E31C /* MapVC.swift */,
			);
			path = Home;
			sourceTree = "<group>";
		};
		0415768929DF89B400CBA586 /* Details */ = {
			isa = PBXGroup;
			children = (
				0415768129DB1B0600CBA586 /* StationDetailVC.swift */,
				0415768329DCDDE300CBA586 /* NearestStationVC.swift */,
			);
			path = Details;
			sourceTree = "<group>";
		};
		0415768A29DF8A7700CBA586 /* Firebase */ = {
			isa = PBXGroup;
			children = (
				041576A629E1FE6100CBA586 /* CreatingUser.swift */,
				041576A829E2044200CBA586 /* GetStation.swift */,
			);
			path = Firebase;
			sourceTree = "<group>";
		};
		0415768B29DF8A8C00CBA586 /* Extensions */ = {
			isa = PBXGroup;
			children = (
			);
			path = Extensions;
			sourceTree = "<group>";
		};
		0415768C29DF8AA400CBA586 /* CustomUI */ = {
			isa = PBXGroup;
			children = (
				0415769329E1B6CD00CBA586 /* Alert.swift */,
				0415769529E1C3D500CBA586 /* Maps.swift */,
				041576AA29E23A0800CBA586 /* SheetPresent.swift */,
			);
			path = CustomUI;
			sourceTree = "<group>";
		};
		0415768D29DF8ADB00CBA586 /* Models */ = {
			isa = PBXGroup;
			children = (
				0415768F29E1ACD000CBA586 /* Station.swift */,
				0415769129E1ACE900CBA586 /* NearestStation.swift */,
			);
			path = Models;
			sourceTree = "<group>";
		};
		0415768E29DF8AF500CBA586 /* Images */ = {
			isa = PBXGroup;
			children = (
				0425B93429D795150057E31C /* Assets.xcassets */,
			);
			path = Images;
			sourceTree = "<group>";
		};
		0415769729E1E17200CBA586 /* Constants */ = {
			isa = PBXGroup;
			children = (
				0415769829E1E1A000CBA586 /* Text.swift */,
				0415769A29E1E5F200CBA586 /* Font.swift */,
				0415769C29E1E5FE00CBA586 /* Images.swift */,
				0415769E29E1EE2E00CBA586 /* Alpha.swift */,
				041576A029E1EE4300CBA586 /* Radius.swift */,
				041576A229E1F3A100CBA586 /* FirebaseText.swift */,
				041576A429E1F9D000CBA586 /* ValueInteger.swift */,
			);
			path = Constants;
			sourceTree = "<group>";
		};
		0425B91C29D795140057E31C = {
			isa = PBXGroup;
			children = (
				0425B92729D795140057E31C /* Stat-ion */,
				0425B92629D795140057E31C /* Products */,
				92E8C01349E05D3694931F5E /* Pods */,
				CC1C858314F9C15CF0A0B528 /* Frameworks */,
			);
			sourceTree = "<group>";
		};
		0425B92629D795140057E31C /* Products */ = {
			isa = PBXGroup;
			children = (
				0425B92529D795140057E31C /* Stat-ion.app */,
			);
			name = Products;
			sourceTree = "<group>";
		};
		0425B92729D795140057E31C /* Stat-ion */ = {
			isa = PBXGroup;
			children = (
				0415769729E1E17200CBA586 /* Constants */,
				0415768E29DF8AF500CBA586 /* Images */,
				0415768D29DF8ADB00CBA586 /* Models */,
				0415768C29DF8AA400CBA586 /* CustomUI */,
				0415768B29DF8A8C00CBA586 /* Extensions */,
				0415768A29DF8A7700CBA586 /* Firebase */,
				0415768529DF882500CBA586 /* Features */,
				0425B92829D795140057E31C /* AppDelegate.swift */,
				0425B92A29D795140057E31C /* SceneDelegate.swift */,
				0425B92E29D795140057E31C /* Main.storyboard */,
				0425B93629D795150057E31C /* LaunchScreen.storyboard */,
				0425B93929D795150057E31C /* Info.plist */,
				0415767F29DA368700CBA586 /* GoogleService-Info.plist */,
				0425B93129D795140057E31C /* Stat_ion.xcdatamodeld */,
			);
			path = "Stat-ion";
			sourceTree = "<group>";
		};
		92E8C01349E05D3694931F5E /* Pods */ = {
			isa = PBXGroup;
			children = (
				0B54D349E5E89057F3BCA12B /* Pods-Stat-ion.debug.xcconfig */,
				556A10B54D1EFF691C9E406D /* Pods-Stat-ion.release.xcconfig */,
			);
			path = Pods;
			sourceTree = "<group>";
		};
		CC1C858314F9C15CF0A0B528 /* Frameworks */ = {
			isa = PBXGroup;
			children = (
				DE782404287AF781A19422CA /* Pods_Stat_ion.framework */,
			);
			name = Frameworks;
			sourceTree = "<group>";
		};
/* End PBXGroup section */

/* Begin PBXNativeTarget section */
		0425B92429D795140057E31C /* Stat-ion */ = {
			isa = PBXNativeTarget;
			buildConfigurationList = 0425B93C29D795150057E31C /* Build configuration list for PBXNativeTarget "Stat-ion" */;
			buildPhases = (
				B536ECD7B3AFCE52FC831DA3 /* [CP] Check Pods Manifest.lock */,
				0425B92129D795140057E31C /* Sources */,
				0425B92229D795140057E31C /* Frameworks */,
				0425B92329D795140057E31C /* Resources */,
				139C8F7D0C09A58E86F89369 /* [CP] Embed Pods Frameworks */,
			);
			buildRules = (
			);
			dependencies = (
			);
			name = "Stat-ion";
			productName = "Stat-ion";
			productReference = 0425B92529D795140057E31C /* Stat-ion.app */;
			productType = "com.apple.product-type.application";
		};
/* End PBXNativeTarget section */

/* Begin PBXProject section */
		0425B91D29D795140057E31C /* Project object */ = {
			isa = PBXProject;
			attributes = {
				BuildIndependentTargetsInParallel = 1;
				LastSwiftUpdateCheck = 1420;
				LastUpgradeCheck = 1420;
				TargetAttributes = {
					0425B92429D795140057E31C = {
						CreatedOnToolsVersion = 14.2;
					};
				};
			};
			buildConfigurationList = 0425B92029D795140057E31C /* Build configuration list for PBXProject "Stat-ion" */;
			compatibilityVersion = "Xcode 14.0";
			developmentRegion = en;
			hasScannedForEncodings = 0;
			knownRegions = (
				en,
				Base,
			);
			mainGroup = 0425B91C29D795140057E31C;
			productRefGroup = 0425B92629D795140057E31C /* Products */;
			projectDirPath = "";
			projectRoot = "";
			targets = (
				0425B92429D795140057E31C /* Stat-ion */,
			);
		};
/* End PBXProject section */

/* Begin PBXResourcesBuildPhase section */
		0425B92329D795140057E31C /* Resources */ = {
			isa = PBXResourcesBuildPhase;
			buildActionMask = 2147483647;
			files = (
				0425B93829D795150057E31C /* LaunchScreen.storyboard in Resources */,
				0415768029DA368700CBA586 /* GoogleService-Info.plist in Resources */,
				0425B93529D795150057E31C /* Assets.xcassets in Resources */,
				0425B93029D795140057E31C /* Main.storyboard in Resources */,
			);
			runOnlyForDeploymentPostprocessing = 0;
		};
/* End PBXResourcesBuildPhase section */

/* Begin PBXShellScriptBuildPhase section */
		139C8F7D0C09A58E86F89369 /* [CP] Embed Pods Frameworks */ = {
			isa = PBXShellScriptBuildPhase;
			buildActionMask = 2147483647;
			files = (
			);
			inputFileListPaths = (
				"${PODS_ROOT}/Target Support Files/Pods-Stat-ion/Pods-Stat-ion-frameworks-${CONFIGURATION}-input-files.xcfilelist",
			);
			name = "[CP] Embed Pods Frameworks";
			outputFileListPaths = (
				"${PODS_ROOT}/Target Support Files/Pods-Stat-ion/Pods-Stat-ion-frameworks-${CONFIGURATION}-output-files.xcfilelist",
			);
			runOnlyForDeploymentPostprocessing = 0;
			shellPath = /bin/sh;
			shellScript = "\"${PODS_ROOT}/Target Support Files/Pods-Stat-ion/Pods-Stat-ion-frameworks.sh\"\n";
			showEnvVarsInLog = 0;
		};
		B536ECD7B3AFCE52FC831DA3 /* [CP] Check Pods Manifest.lock */ = {
			isa = PBXShellScriptBuildPhase;
			buildActionMask = 2147483647;
			files = (
			);
			inputFileListPaths = (
			);
			inputPaths = (
				"${PODS_PODFILE_DIR_PATH}/Podfile.lock",
				"${PODS_ROOT}/Manifest.lock",
			);
			name = "[CP] Check Pods Manifest.lock";
			outputFileListPaths = (
			);
			outputPaths = (
				"$(DERIVED_FILE_DIR)/Pods-Stat-ion-checkManifestLockResult.txt",
			);
			runOnlyForDeploymentPostprocessing = 0;
			shellPath = /bin/sh;
			shellScript = "diff \"${PODS_PODFILE_DIR_PATH}/Podfile.lock\" \"${PODS_ROOT}/Manifest.lock\" > /dev/null\nif [ $? != 0 ] ; then\n    # print error to STDERR\n    echo \"error: The sandbox is not in sync with the Podfile.lock. Run 'pod install' or update your CocoaPods installation.\" >&2\n    exit 1\nfi\n# This output is used by Xcode 'outputs' to avoid re-running this script phase.\necho \"SUCCESS\" > \"${SCRIPT_OUTPUT_FILE_0}\"\n";
			showEnvVarsInLog = 0;
		};
/* End PBXShellScriptBuildPhase section */

/* Begin PBXSourcesBuildPhase section */
		0425B92129D795140057E31C /* Sources */ = {
			isa = PBXSourcesBuildPhase;
			buildActionMask = 2147483647;
			files = (
				0415768229DB1B0600CBA586 /* StationDetailVC.swift in Sources */,
				0425B94029D9B7640057E31C /* MapVC.swift in Sources */,
				0415769029E1ACD000CBA586 /* Station.swift in Sources */,
				0425B92D29D795140057E31C /* OnboardingVC.swift in Sources */,
				0425B92929D795140057E31C /* AppDelegate.swift in Sources */,
				041576A929E2044200CBA586 /* GetStation.swift in Sources */,
				041576A729E1FE6100CBA586 /* CreatingUser.swift in Sources */,
				0425B93329D795140057E31C /* Stat_ion.xcdatamodeld in Sources */,
				0415768429DCDDE300CBA586 /* NearestStationVC.swift in Sources */,
				0415769D29E1E5FE00CBA586 /* Images.swift in Sources */,
				0415769B29E1E5F200CBA586 /* Font.swift in Sources */,
				041576A329E1F3A100CBA586 /* FirebaseText.swift in Sources */,
				041576A529E1F9D000CBA586 /* ValueInteger.swift in Sources */,
				0415769229E1ACE900CBA586 /* NearestStation.swift in Sources */,
				0415769629E1C3D500CBA586 /* Maps.swift in Sources */,
				0415769F29E1EE2E00CBA586 /* Alpha.swift in Sources */,
				041576AB29E23A0800CBA586 /* SheetPresent.swift in Sources */,
				0415769429E1B6CD00CBA586 /* Alert.swift in Sources */,
				0425B92B29D795140057E31C /* SceneDelegate.swift in Sources */,
				0415769929E1E1A000CBA586 /* Text.swift in Sources */,
				041576A129E1EE4300CBA586 /* Radius.swift in Sources */,
			);
			runOnlyForDeploymentPostprocessing = 0;
		};
/* End PBXSourcesBuildPhase section */

/* Begin PBXVariantGroup section */
		0425B92E29D795140057E31C /* Main.storyboard */ = {
			isa = PBXVariantGroup;
			children = (
				0425B92F29D795140057E31C /* Base */,
			);
			name = Main.storyboard;
			sourceTree = "<group>";
		};
		0425B93629D795150057E31C /* LaunchScreen.storyboard */ = {
			isa = PBXVariantGroup;
			children = (
				0425B93729D795150057E31C /* Base */,
			);
			name = LaunchScreen.storyboard;
			sourceTree = "<group>";
		};
/* End PBXVariantGroup section */

/* Begin XCBuildConfiguration section */
		0425B93A29D795150057E31C /* Debug */ = {
			isa = XCBuildConfiguration;
			buildSettings = {
				ALWAYS_SEARCH_USER_PATHS = NO;
				CLANG_ANALYZER_NONNULL = YES;
				CLANG_ANALYZER_NUMBER_OBJECT_CONVERSION = YES_AGGRESSIVE;
				CLANG_CXX_LANGUAGE_STANDARD = "gnu++20";
				CLANG_ENABLE_MODULES = YES;
				CLANG_ENABLE_OBJC_ARC = YES;
				CLANG_ENABLE_OBJC_WEAK = YES;
				CLANG_WARN_BLOCK_CAPTURE_AUTORELEASING = YES;
				CLANG_WARN_BOOL_CONVERSION = YES;
				CLANG_WARN_COMMA = YES;
				CLANG_WARN_CONSTANT_CONVERSION = YES;
				CLANG_WARN_DEPRECATED_OBJC_IMPLEMENTATIONS = YES;
				CLANG_WARN_DIRECT_OBJC_ISA_USAGE = YES_ERROR;
				CLANG_WARN_DOCUMENTATION_COMMENTS = YES;
				CLANG_WARN_EMPTY_BODY = YES;
				CLANG_WARN_ENUM_CONVERSION = YES;
				CLANG_WARN_INFINITE_RECURSION = YES;
				CLANG_WARN_INT_CONVERSION = YES;
				CLANG_WARN_NON_LITERAL_NULL_CONVERSION = YES;
				CLANG_WARN_OBJC_IMPLICIT_RETAIN_SELF = YES;
				CLANG_WARN_OBJC_LITERAL_CONVERSION = YES;
				CLANG_WARN_OBJC_ROOT_CLASS = YES_ERROR;
				CLANG_WARN_QUOTED_INCLUDE_IN_FRAMEWORK_HEADER = YES;
				CLANG_WARN_RANGE_LOOP_ANALYSIS = YES;
				CLANG_WARN_STRICT_PROTOTYPES = YES;
				CLANG_WARN_SUSPICIOUS_MOVE = YES;
				CLANG_WARN_UNGUARDED_AVAILABILITY = YES_AGGRESSIVE;
				CLANG_WARN_UNREACHABLE_CODE = YES;
				CLANG_WARN__DUPLICATE_METHOD_MATCH = YES;
				COPY_PHASE_STRIP = NO;
				DEBUG_INFORMATION_FORMAT = dwarf;
				ENABLE_STRICT_OBJC_MSGSEND = YES;
				ENABLE_TESTABILITY = YES;
				GCC_C_LANGUAGE_STANDARD = gnu11;
				GCC_DYNAMIC_NO_PIC = NO;
				GCC_NO_COMMON_BLOCKS = YES;
				GCC_OPTIMIZATION_LEVEL = 0;
				GCC_PREPROCESSOR_DEFINITIONS = (
					"DEBUG=1",
					"$(inherited)",
				);
				GCC_WARN_64_TO_32_BIT_CONVERSION = YES;
				GCC_WARN_ABOUT_RETURN_TYPE = YES_ERROR;
				GCC_WARN_UNDECLARED_SELECTOR = YES;
				GCC_WARN_UNINITIALIZED_AUTOS = YES_AGGRESSIVE;
				GCC_WARN_UNUSED_FUNCTION = YES;
				GCC_WARN_UNUSED_VARIABLE = YES;
				IPHONEOS_DEPLOYMENT_TARGET = 16.2;
				MTL_ENABLE_DEBUG_INFO = INCLUDE_SOURCE;
				MTL_FAST_MATH = YES;
				ONLY_ACTIVE_ARCH = YES;
				SDKROOT = iphoneos;
				SWIFT_ACTIVE_COMPILATION_CONDITIONS = DEBUG;
				SWIFT_OPTIMIZATION_LEVEL = "-Onone";
			};
			name = Debug;
		};
		0425B93B29D795150057E31C /* Release */ = {
			isa = XCBuildConfiguration;
			buildSettings = {
				ALWAYS_SEARCH_USER_PATHS = NO;
				CLANG_ANALYZER_NONNULL = YES;
				CLANG_ANALYZER_NUMBER_OBJECT_CONVERSION = YES_AGGRESSIVE;
				CLANG_CXX_LANGUAGE_STANDARD = "gnu++20";
				CLANG_ENABLE_MODULES = YES;
				CLANG_ENABLE_OBJC_ARC = YES;
				CLANG_ENABLE_OBJC_WEAK = YES;
				CLANG_WARN_BLOCK_CAPTURE_AUTORELEASING = YES;
				CLANG_WARN_BOOL_CONVERSION = YES;
				CLANG_WARN_COMMA = YES;
				CLANG_WARN_CONSTANT_CONVERSION = YES;
				CLANG_WARN_DEPRECATED_OBJC_IMPLEMENTATIONS = YES;
				CLANG_WARN_DIRECT_OBJC_ISA_USAGE = YES_ERROR;
				CLANG_WARN_DOCUMENTATION_COMMENTS = YES;
				CLANG_WARN_EMPTY_BODY = YES;
				CLANG_WARN_ENUM_CONVERSION = YES;
				CLANG_WARN_INFINITE_RECURSION = YES;
				CLANG_WARN_INT_CONVERSION = YES;
				CLANG_WARN_NON_LITERAL_NULL_CONVERSION = YES;
				CLANG_WARN_OBJC_IMPLICIT_RETAIN_SELF = YES;
				CLANG_WARN_OBJC_LITERAL_CONVERSION = YES;
				CLANG_WARN_OBJC_ROOT_CLASS = YES_ERROR;
				CLANG_WARN_QUOTED_INCLUDE_IN_FRAMEWORK_HEADER = YES;
				CLANG_WARN_RANGE_LOOP_ANALYSIS = YES;
				CLANG_WARN_STRICT_PROTOTYPES = YES;
				CLANG_WARN_SUSPICIOUS_MOVE = YES;
				CLANG_WARN_UNGUARDED_AVAILABILITY = YES_AGGRESSIVE;
				CLANG_WARN_UNREACHABLE_CODE = YES;
				CLANG_WARN__DUPLICATE_METHOD_MATCH = YES;
				COPY_PHASE_STRIP = NO;
				DEBUG_INFORMATION_FORMAT = "dwarf-with-dsym";
				ENABLE_NS_ASSERTIONS = NO;
				ENABLE_STRICT_OBJC_MSGSEND = YES;
				GCC_C_LANGUAGE_STANDARD = gnu11;
				GCC_NO_COMMON_BLOCKS = YES;
				GCC_WARN_64_TO_32_BIT_CONVERSION = YES;
				GCC_WARN_ABOUT_RETURN_TYPE = YES_ERROR;
				GCC_WARN_UNDECLARED_SELECTOR = YES;
				GCC_WARN_UNINITIALIZED_AUTOS = YES_AGGRESSIVE;
				GCC_WARN_UNUSED_FUNCTION = YES;
				GCC_WARN_UNUSED_VARIABLE = YES;
				IPHONEOS_DEPLOYMENT_TARGET = 16.2;
				MTL_ENABLE_DEBUG_INFO = NO;
				MTL_FAST_MATH = YES;
				SDKROOT = iphoneos;
				SWIFT_COMPILATION_MODE = wholemodule;
				SWIFT_OPTIMIZATION_LEVEL = "-O";
				VALIDATE_PRODUCT = YES;
			};
			name = Release;
		};
		0425B93D29D795150057E31C /* Debug */ = {
			isa = XCBuildConfiguration;
			baseConfigurationReference = 0B54D349E5E89057F3BCA12B /* Pods-Stat-ion.debug.xcconfig */;
			buildSettings = {
				ASSETCATALOG_COMPILER_APPICON_NAME = AppIcon;
				ASSETCATALOG_COMPILER_GLOBAL_ACCENT_COLOR_NAME = AccentColor;
				CODE_SIGN_STYLE = Automatic;
				CURRENT_PROJECT_VERSION = 1;
				DEVELOPMENT_TEAM = PM64LP239P;
				GENERATE_INFOPLIST_FILE = YES;
				INFOPLIST_FILE = "Stat-ion/Info.plist";
				INFOPLIST_KEY_UIApplicationSupportsIndirectInputEvents = YES;
				INFOPLIST_KEY_UILaunchStoryboardName = LaunchScreen;
				INFOPLIST_KEY_UIMainStoryboardFile = Main;
				INFOPLIST_KEY_UISupportedInterfaceOrientations_iPad = "UIInterfaceOrientationPortrait UIInterfaceOrientationPortraitUpsideDown UIInterfaceOrientationLandscapeLeft UIInterfaceOrientationLandscapeRight";
				INFOPLIST_KEY_UISupportedInterfaceOrientations_iPhone = "UIInterfaceOrientationPortrait UIInterfaceOrientationLandscapeLeft UIInterfaceOrientationLandscapeRight";
				IPHONEOS_DEPLOYMENT_TARGET = 16.0;
				LD_RUNPATH_SEARCH_PATHS = (
					"$(inherited)",
					"@executable_path/Frameworks",
				);
				MARKETING_VERSION = 1.0;
				PRODUCT_BUNDLE_IDENTIFIER = "com.furkanvural.Stat-ion";
				PRODUCT_NAME = "$(TARGET_NAME)";
				SWIFT_EMIT_LOC_STRINGS = YES;
				SWIFT_VERSION = 5.0;
				TARGETED_DEVICE_FAMILY = "1,2";
			};
			name = Debug;
		};
		0425B93E29D795150057E31C /* Release */ = {
			isa = XCBuildConfiguration;
			baseConfigurationReference = 556A10B54D1EFF691C9E406D /* Pods-Stat-ion.release.xcconfig */;
			buildSettings = {
				ASSETCATALOG_COMPILER_APPICON_NAME = AppIcon;
				ASSETCATALOG_COMPILER_GLOBAL_ACCENT_COLOR_NAME = AccentColor;
				CODE_SIGN_STYLE = Automatic;
				CURRENT_PROJECT_VERSION = 1;
				DEVELOPMENT_TEAM = PM64LP239P;
				GENERATE_INFOPLIST_FILE = YES;
				INFOPLIST_FILE = "Stat-ion/Info.plist";
				INFOPLIST_KEY_UIApplicationSupportsIndirectInputEvents = YES;
				INFOPLIST_KEY_UILaunchStoryboardName = LaunchScreen;
				INFOPLIST_KEY_UIMainStoryboardFile = Main;
				INFOPLIST_KEY_UISupportedInterfaceOrientations_iPad = "UIInterfaceOrientationPortrait UIInterfaceOrientationPortraitUpsideDown UIInterfaceOrientationLandscapeLeft UIInterfaceOrientationLandscapeRight";
				INFOPLIST_KEY_UISupportedInterfaceOrientations_iPhone = "UIInterfaceOrientationPortrait UIInterfaceOrientationLandscapeLeft UIInterfaceOrientationLandscapeRight";
				IPHONEOS_DEPLOYMENT_TARGET = 16.0;
				LD_RUNPATH_SEARCH_PATHS = (
					"$(inherited)",
					"@executable_path/Frameworks",
				);
				MARKETING_VERSION = 1.0;
				PRODUCT_BUNDLE_IDENTIFIER = "com.furkanvural.Stat-ion";
				PRODUCT_NAME = "$(TARGET_NAME)";
				SWIFT_EMIT_LOC_STRINGS = YES;
				SWIFT_VERSION = 5.0;
				TARGETED_DEVICE_FAMILY = "1,2";
			};
			name = Release;
		};
/* End XCBuildConfiguration section */

/* Begin XCConfigurationList section */
		0425B92029D795140057E31C /* Build configuration list for PBXProject "Stat-ion" */ = {
			isa = XCConfigurationList;
			buildConfigurations = (
				0425B93A29D795150057E31C /* Debug */,
				0425B93B29D795150057E31C /* Release */,
			);
			defaultConfigurationIsVisible = 0;
			defaultConfigurationName = Release;
		};
		0425B93C29D795150057E31C /* Build configuration list for PBXNativeTarget "Stat-ion" */ = {
			isa = XCConfigurationList;
			buildConfigurations = (
				0425B93D29D795150057E31C /* Debug */,
				0425B93E29D795150057E31C /* Release */,
			);
			defaultConfigurationIsVisible = 0;
			defaultConfigurationName = Release;
		};
/* End XCConfigurationList section */

/* Begin XCVersionGroup section */
		0425B93129D795140057E31C /* Stat_ion.xcdatamodeld */ = {
			isa = XCVersionGroup;
			children = (
				0425B93229D795140057E31C /* Stat_ion.xcdatamodel */,
			);
			currentVersion = 0425B93229D795140057E31C /* Stat_ion.xcdatamodel */;
			path = Stat_ion.xcdatamodeld;
			sourceTree = "<group>";
			versionGroupType = wrapper.xcdatamodel;
		};
/* End XCVersionGroup section */
	};
	rootObject = 0425B91D29D795140057E31C /* Project object */;
}
